
Microsoft Visual Studio Solution File, Format Version 12.00
# Visual Studio Version 17
VisualStudioVersion = 17.3.32811.315
MinimumVisualStudioVersion = 10.0.40219.1
Project("{2150E333-8FDC-42A3-9474-1A3956D46DE8}") = "src", "src", "{A86E9235-AEB0-4683-9EDF-33B7E048DBD7}"
EndProject
Project("{2150E333-8FDC-42A3-9474-1A3956D46DE8}") = "Building Blocks", "Building Blocks", "{F91C71E2-42FB-425B-915C-2484CE6D4D5F}"
EndProject
Project("{2150E333-8FDC-42A3-9474-1A3956D46DE8}") = "Services", "Services", "{E975F2E4-E773-4FED-9F1F-AC61D5AFB59B}"
EndProject
Project("{2150E333-8FDC-42A3-9474-1A3956D46DE8}") = "Web", "Web", "{2EBA9BFA-109A-4465-9D46-D4CF78EA9930}"
EndProject
Project("{2150E333-8FDC-42A3-9474-1A3956D46DE8}") = "Identidade", "Identidade", "{AD8313EF-8E52-40EC-899D-D4060BB29916}"
EndProject
Project("{9A19103F-16F7-4668-BE54-9A1E7A4F7556}") = "NSE.Identidade.API", "src\services\NSE.Identidade.API\NSE.Identidade.API.csproj", "{D4ED82CE-3AE1-4D53-95B2-64063143BBEE}"
EndProject
Project("{2150E333-8FDC-42A3-9474-1A3956D46DE8}") = "MVC", "MVC", "{B02ACAE8-534F-4CFF-957F-57781DC8F68C}"
EndProject
Project("{9A19103F-16F7-4668-BE54-9A1E7A4F7556}") = "NSE.WebApp.MVC", "src\web\NSE.WebApp.MVC\NSE.WebApp.MVC.csproj", "{1B96FCB8-92D1-412C-A91C-E7DA5EF67848}"
EndProject
Project("{2150E333-8FDC-42A3-9474-1A3956D46DE8}") = "Core", "Core", "{73B7CF60-36B4-49B7-A3B8-1C84B36870DB}"
EndProject
Project("{9A19103F-16F7-4668-BE54-9A1E7A4F7556}") = "NSE.Core", "src\building blocks\NSE.Core\NSE.Core.csproj", "{20E428D9-67C8-4D24-A3B3-B438B5D8E0A0}"
EndProject
Project("{2150E333-8FDC-42A3-9474-1A3956D46DE8}") = "Carrinho", "Carrinho", "{8896539E-7615-4232-9BD9-12579205F346}"
EndProject
Project("{2150E333-8FDC-42A3-9474-1A3956D46DE8}") = "Catalogo", "Catalogo", "{5EF32BE7-B717-4786-833D-BDC72B706AD5}"
EndProject
Project("{2150E333-8FDC-42A3-9474-1A3956D46DE8}") = "Cliente", "Cliente", "{5AC3A25D-A63E-4ED0-9D99-CBB9DC77929F}"
EndProject
Project("{2150E333-8FDC-42A3-9474-1A3956D46DE8}") = "Pagamento", "Pagamento", "{C0F6BE2A-B3CF-4A02-A6DA-A3D117CA006A}"
EndProject
Project("{2150E333-8FDC-42A3-9474-1A3956D46DE8}") = "Pedido", "Pedido", "{2E414FE2-42D1-4932-B36C-47E5D298E268}"
EndProject
Project("{9A19103F-16F7-4668-BE54-9A1E7A4F7556}") = "NSE.Carrinho.API", "src\services\NSE.Carrinho.API\NSE.Carrinho.API.csproj", "{76DEEFC6-01A1-4172-B191-8784F3090F6F}"
EndProject
Project("{9A19103F-16F7-4668-BE54-9A1E7A4F7556}") = "NSE.Catalogo.API", "src\services\NSE.Catalogo.API\NSE.Catalogo.API.csproj", "{68211832-C7D3-4D5A-B064-B29C2F34D102}"
EndProject
Project("{9A19103F-16F7-4668-BE54-9A1E7A4F7556}") = "NSE.Cliente.API", "src\services\NSE.Cliente.API\NSE.Cliente.API.csproj", "{15117B47-2186-4E86-9FBD-DD3513B8BF83}"
EndProject
Project("{9A19103F-16F7-4668-BE54-9A1E7A4F7556}") = "NSE.Pagamento.API", "src\services\NSE.Pagamento.API\NSE.Pagamento.API.csproj", "{F3C64A50-61CB-405C-A94D-1FFF3385C468}"
EndProject
Project("{9A19103F-16F7-4668-BE54-9A1E7A4F7556}") = "NSE.Pedido.API", "src\services\NSE.Pedido.API\NSE.Pedido.API.csproj", "{ED6DBDA1-2C53-48C4-8046-1AEEAA9367A9}"
EndProject
Global
	GlobalSection(SolutionConfigurationPlatforms) = preSolution
		Debug|Any CPU = Debug|Any CPU
		Release|Any CPU = Release|Any CPU
	EndGlobalSection
	GlobalSection(ProjectConfigurationPlatforms) = postSolution
		{D4ED82CE-3AE1-4D53-95B2-64063143BBEE}.Debug|Any CPU.ActiveCfg = Debug|Any CPU
		{D4ED82CE-3AE1-4D53-95B2-64063143BBEE}.Debug|Any CPU.Build.0 = Debug|Any CPU
		{D4ED82CE-3AE1-4D53-95B2-64063143BBEE}.Release|Any CPU.ActiveCfg = Release|Any CPU
		{D4ED82CE-3AE1-4D53-95B2-64063143BBEE}.Release|Any CPU.Build.0 = Release|Any CPU
		{1B96FCB8-92D1-412C-A91C-E7DA5EF67848}.Debug|Any CPU.ActiveCfg = Debug|Any CPU
		{1B96FCB8-92D1-412C-A91C-E7DA5EF67848}.Debug|Any CPU.Build.0 = Debug|Any CPU
		{1B96FCB8-92D1-412C-A91C-E7DA5EF67848}.Release|Any CPU.ActiveCfg = Release|Any CPU
		{1B96FCB8-92D1-412C-A91C-E7DA5EF67848}.Release|Any CPU.Build.0 = Release|Any CPU
		{20E428D9-67C8-4D24-A3B3-B438B5D8E0A0}.Debug|Any CPU.ActiveCfg = Debug|Any CPU
		{20E428D9-67C8-4D24-A3B3-B438B5D8E0A0}.Debug|Any CPU.Build.0 = Debug|Any CPU
		{20E428D9-67C8-4D24-A3B3-B438B5D8E0A0}.Release|Any CPU.ActiveCfg = Release|Any CPU
		{20E428D9-67C8-4D24-A3B3-B438B5D8E0A0}.Release|Any CPU.Build.0 = Release|Any CPU
		{76DEEFC6-01A1-4172-B191-8784F3090F6F}.Debug|Any CPU.ActiveCfg = Debug|Any CPU
		{76DEEFC6-01A1-4172-B191-8784F3090F6F}.Debug|Any CPU.Build.0 = Debug|Any CPU
		{76DEEFC6-01A1-4172-B191-8784F3090F6F}.Release|Any CPU.ActiveCfg = Release|Any CPU
		{76DEEFC6-01A1-4172-B191-8784F3090F6F}.Release|Any CPU.Build.0 = Release|Any CPU
		{68211832-C7D3-4D5A-B064-B29C2F34D102}.Debug|Any CPU.ActiveCfg = Debug|Any CPU
		{68211832-C7D3-4D5A-B064-B29C2F34D102}.Debug|Any CPU.Build.0 = Debug|Any CPU
		{68211832-C7D3-4D5A-B064-B29C2F34D102}.Release|Any CPU.ActiveCfg = Release|Any CPU
		{68211832-C7D3-4D5A-B064-B29C2F34D102}.Release|Any CPU.Build.0 = Release|Any CPU
		{15117B47-2186-4E86-9FBD-DD3513B8BF83}.Debug|Any CPU.ActiveCfg = Debug|Any CPU
		{15117B47-2186-4E86-9FBD-DD3513B8BF83}.Debug|Any CPU.Build.0 = Debug|Any CPU
		{15117B47-2186-4E86-9FBD-DD3513B8BF83}.Release|Any CPU.ActiveCfg = Release|Any CPU
		{15117B47-2186-4E86-9FBD-DD3513B8BF83}.Release|Any CPU.Build.0 = Release|Any CPU
		{F3C64A50-61CB-405C-A94D-1FFF3385C468}.Debug|Any CPU.ActiveCfg = Debug|Any CPU
		{F3C64A50-61CB-405C-A94D-1FFF3385C468}.Debug|Any CPU.Build.0 = Debug|Any CPU
		{F3C64A50-61CB-405C-A94D-1FFF3385C468}.Release|Any CPU.ActiveCfg = Release|Any CPU
		{F3C64A50-61CB-405C-A94D-1FFF3385C468}.Release|Any CPU.Build.0 = Release|Any CPU
		{ED6DBDA1-2C53-48C4-8046-1AEEAA9367A9}.Debug|Any CPU.ActiveCfg = Debug|Any CPU
		{ED6DBDA1-2C53-48C4-8046-1AEEAA9367A9}.Debug|Any CPU.Build.0 = Debug|Any CPU
		{ED6DBDA1-2C53-48C4-8046-1AEEAA9367A9}.Release|Any CPU.ActiveCfg = Release|Any CPU
		{ED6DBDA1-2C53-48C4-8046-1AEEAA9367A9}.Release|Any CPU.Build.0 = Release|Any CPU
	EndGlobalSection
	GlobalSection(SolutionProperties) = preSolution
		HideSolutionNode = FALSE
	EndGlobalSection
	GlobalSection(NestedProjects) = preSolution
		{F91C71E2-42FB-425B-915C-2484CE6D4D5F} = {A86E9235-AEB0-4683-9EDF-33B7E048DBD7}
		{E975F2E4-E773-4FED-9F1F-AC61D5AFB59B} = {A86E9235-AEB0-4683-9EDF-33B7E048DBD7}
		{2EBA9BFA-109A-4465-9D46-D4CF78EA9930} = {A86E9235-AEB0-4683-9EDF-33B7E048DBD7}
		{AD8313EF-8E52-40EC-899D-D4060BB29916} = {E975F2E4-E773-4FED-9F1F-AC61D5AFB59B}
		{D4ED82CE-3AE1-4D53-95B2-64063143BBEE} = {AD8313EF-8E52-40EC-899D-D4060BB29916}
		{B02ACAE8-534F-4CFF-957F-57781DC8F68C} = {2EBA9BFA-109A-4465-9D46-D4CF78EA9930}
		{1B96FCB8-92D1-412C-A91C-E7DA5EF67848} = {B02ACAE8-534F-4CFF-957F-57781DC8F68C}
		{73B7CF60-36B4-49B7-A3B8-1C84B36870DB} = {F91C71E2-42FB-425B-915C-2484CE6D4D5F}
		{20E428D9-67C8-4D24-A3B3-B438B5D8E0A0} = {73B7CF60-36B4-49B7-A3B8-1C84B36870DB}
		{8896539E-7615-4232-9BD9-12579205F346} = {E975F2E4-E773-4FED-9F1F-AC61D5AFB59B}
		{5EF32BE7-B717-4786-833D-BDC72B706AD5} = {E975F2E4-E773-4FED-9F1F-AC61D5AFB59B}
		{5AC3A25D-A63E-4ED0-9D99-CBB9DC77929F} = {E975F2E4-E773-4FED-9F1F-AC61D5AFB59B}
		{C0F6BE2A-B3CF-4A02-A6DA-A3D117CA006A} = {E975F2E4-E773-4FED-9F1F-AC61D5AFB59B}
		{2E414FE2-42D1-4932-B36C-47E5D298E268} = {E975F2E4-E773-4FED-9F1F-AC61D5AFB59B}
		{76DEEFC6-01A1-4172-B191-8784F3090F6F} = {8896539E-7615-4232-9BD9-12579205F346}
		{68211832-C7D3-4D5A-B064-B29C2F34D102} = {5EF32BE7-B717-4786-833D-BDC72B706AD5}
		{15117B47-2186-4E86-9FBD-DD3513B8BF83} = {5AC3A25D-A63E-4ED0-9D99-CBB9DC77929F}
		{F3C64A50-61CB-405C-A94D-1FFF3385C468} = {C0F6BE2A-B3CF-4A02-A6DA-A3D117CA006A}
		{ED6DBDA1-2C53-48C4-8046-1AEEAA9367A9} = {2E414FE2-42D1-4932-B36C-47E5D298E268}
	EndGlobalSection
	GlobalSection(ExtensibilityGlobals) = postSolution
		SolutionGuid = {F841E44D-E39A-4428-81A2-C2B33AF40FC5}
	EndGlobalSection
EndGlobal
